
Microsoft Visual Studio Solution File, Format Version 12.00
# Visual Studio Version 17
VisualStudioVersion = 17.4.33103.184
MinimumVisualStudioVersion = 10.0.40219.1
Project("{9A19103F-16F7-4668-BE54-9A1E7A4F7556}") = "Zarinpal-Plus", "Zarinpal-Plus\Zarinpal-Plus.csproj", "{5254D173-67F5-4D63-8BBF-6FE42787E730}"
EndProject
Project("{FAE04EC0-301F-11D3-BF4B-00C04F79EFBC}") = "Sample", "Sample\Sample.csproj", "{1E09D251-7EF5-4739-927C-35B4C7020DE6}"
EndProject
Global
	GlobalSection(SolutionConfigurationPlatforms) = preSolution
		Debug|Any CPU = Debug|Any CPU
		Release|Any CPU = Release|Any CPU
	EndGlobalSection
	GlobalSection(ProjectConfigurationPlatforms) = postSolution
		{5254D173-67F5-4D63-8BBF-6FE42787E730}.Debug|Any CPU.ActiveCfg = Debug|Any CPU
		{5254D173-67F5-4D63-8BBF-6FE42787E730}.Debug|Any CPU.Build.0 = Debug|Any CPU
		{5254D173-67F5-4D63-8BBF-6FE42787E730}.Release|Any CPU.ActiveCfg = Release|Any CPU
		{5254D173-67F5-4D63-8BBF-6FE42787E730}.Release|Any CPU.Build.0 = Release|Any CPU
		{1E09D251-7EF5-4739-927C-35B4C7020DE6}.Debug|Any CPU.ActiveCfg = Debug|Any CPU
		{1E09D251-7EF5-4739-927C-35B4C7020DE6}.Debug|Any CPU.Build.0 = Debug|Any CPU
		{1E09D251-7EF5-4739-927C-35B4C7020DE6}.Release|Any CPU.ActiveCfg = Release|Any CPU
		{1E09D251-7EF5-4739-927C-35B4C7020DE6}.Release|Any CPU.Build.0 = Release|Any CPU
	EndGlobalSection
	GlobalSection(SolutionProperties) = preSolution
		HideSolutionNode = FALSE
	EndGlobalSection
	GlobalSection(ExtensibilityGlobals) = postSolution
		SolutionGuid = {521A3494-923B-42F3-93B7-AE1055F8FBB0}
	EndGlobalSection
EndGlobal
